// !$*UTF8*$!
{
	archiveVersion = 1;
	classes = {
	};
	objectVersion = 77;
	objects = {

/* Begin PBXBuildFile section */
		025CCB1ADFA5227D4D510540 /* ColorHexTests.swift in Sources */ = {isa = PBXBuildFile; fileRef = 7A659FDC5978B7FCC0C2D488 /* ColorHexTests.swift */; };
		0973322112C267606F0D23CC /* StartScreenLogo.swift in Sources */ = {isa = PBXBuildFile; fileRef = A3C239E14E3DA5622953B833 /* StartScreenLogo.swift */; };
		0D0CF9645DB57CFE7E2A99CC /* CoreText.framework in Frameworks */ = {isa = PBXBuildFile; fileRef = 2D522965A18450240E8B1B57 /* CoreText.framework */; };
		0EDDE37BF54C746A6850E4BD /* Carbon.framework in Frameworks */ = {isa = PBXBuildFile; fileRef = 733316E4538EF5998654016C /* Carbon.framework */; };
		0F3A10C7D5A60BD7027F378D /* PointerCursor.swift in Sources */ = {isa = PBXBuildFile; fileRef = 25AC6ABC78C8E62D696CABA8 /* PointerCursor.swift */; };
		19F2F8B9416F42F451D3A428 /* ThemePicker.swift in Sources */ = {isa = PBXBuildFile; fileRef = 6228A41D72F4FE2C8C9DCD4A /* ThemePicker.swift */; };
		229424BAFD9587AB72CAFF66 /* codex-icon.svg in Resources */ = {isa = PBXBuildFile; fileRef = 24588121A0A9DB5D03163B12 /* codex-icon.svg */; };
		2479CF78716744EBA0FC8244 /* Theme.swift in Sources */ = {isa = PBXBuildFile; fileRef = 762E93713BEF3B6BAE6DB7CC /* Theme.swift */; };
		282F00EE6FB8510C403EC953 /* Metal.framework in Frameworks */ = {isa = PBXBuildFile; fileRef = 8C747FAD7B2FD821BC48474F /* Metal.framework */; };
		284AC534C6E9F0B755C4AC34 /* GitStatus.swift in Sources */ = {isa = PBXBuildFile; fileRef = 0B6278A6AA05171F5ECDEC11 /* GitStatus.swift */; };
		2DCA080F86B7E5A194C8F14A /* StatusLine.swift in Sources */ = {isa = PBXBuildFile; fileRef = 495E310460549B685EDCF6C4 /* StatusLine.swift */; };
		30803CC48C90EFDF88A7C8D2 /* GhosttyApp.swift in Sources */ = {isa = PBXBuildFile; fileRef = F7A27927A4E6F40E0D7B67BD /* GhosttyApp.swift */; };
		324134D47FCF4719C7416A98 /* pink-lakeside.png in Resources */ = {isa = PBXBuildFile; fileRef = 6DC1AE3F0FF45D5DE4839EF9 /* pink-lakeside.png */; };
		35EA33C9B1B23682BB31DCED /* Assets.xcassets in Resources */ = {isa = PBXBuildFile; fileRef = 4BF5F1BD395AB638696B46E9 /* Assets.xcassets */; };
		3896092C306A1F2211524895 /* akane-cliff.jpg in Resources */ = {isa = PBXBuildFile; fileRef = 47B2C73311A57D7F5BD1F356 /* akane-cliff.jpg */; };
		38A0767D5442E9D336859FEC /* CoreVideo.framework in Frameworks */ = {isa = PBXBuildFile; fileRef = 1DF59E878E1CA4A8B6DD5242 /* CoreVideo.framework */; };
		3A8220686C7D69ECA5082A3E /* TabTitleFilter.swift in Sources */ = {isa = PBXBuildFile; fileRef = 63FA12A39D076503DB57B005 /* TabTitleFilter.swift */; };
		3B2C02C5617FEA03A4BE956A /* IOSurface.framework in Frameworks */ = {isa = PBXBuildFile; fileRef = B345D8C75FEDF50AD746BBAE /* IOSurface.framework */; };
		3E5F7D0E5278F9C5CB8CD95D /* Sidebar.swift in Sources */ = {isa = PBXBuildFile; fileRef = 8A76CDD8E5246080B8C0CAFE /* Sidebar.swift */; };
		41326086246AF35521615246 /* Shell.swift in Sources */ = {isa = PBXBuildFile; fileRef = 2918567AE906E413040E51F2 /* Shell.swift */; };
		4777F018CFB5F1153CB0AD43 /* AppStore.swift in Sources */ = {isa = PBXBuildFile; fileRef = 1448D063BC06561A433B9DEC /* AppStore.swift */; };
		495E9FB920EF6C6537659923 /* WindowTitleBarConfigurator.swift in Sources */ = {isa = PBXBuildFile; fileRef = 7D35AA117D351B3848D14D65 /* WindowTitleBarConfigurator.swift */; };
		4C153E196C842764C6E58F0D /* QuartzCore.framework in Frameworks */ = {isa = PBXBuildFile; fileRef = 15A6DD71E5B2AA71E2603D80 /* QuartzCore.framework */; };
		4D9587506D4B00FC3A51C90E /* TerminalSurfaceView.swift in Sources */ = {isa = PBXBuildFile; fileRef = B1A9F0622A8AC85FCF1C0948 /* TerminalSurfaceView.swift */; };
		5AAD90705C028B4E0691E66B /* BackgroundPopover.swift in Sources */ = {isa = PBXBuildFile; fileRef = 7784244D94B53A844D2AE256 /* BackgroundPopover.swift */; };
		672462DEE17013E27F473A1D /* akane-pagoda.jpg in Resources */ = {isa = PBXBuildFile; fileRef = 147CFD69423EDD7D1BD29C52 /* akane-pagoda.jpg */; };
		6974DCAA3C7954B535ECAF33 /* Constants.swift in Sources */ = {isa = PBXBuildFile; fileRef = 09D47A5C0A44933E63A3104C /* Constants.swift */; };
		72715E9F6026FC71B127E9C8 /* akane-mist.jpg in Resources */ = {isa = PBXBuildFile; fileRef = F9A82625A455F5E823649549 /* akane-mist.jpg */; };
		746A4B976AF287EEEC32E397 /* claude-icon.svg in Resources */ = {isa = PBXBuildFile; fileRef = 36A28D3024E66E791B9C5C7B /* claude-icon.svg */; };
		747FC6F8B8102FD0CF1FA1BC /* AppearanceSettings.swift in Sources */ = {isa = PBXBuildFile; fileRef = F6608D4939643268CCB44FA8 /* AppearanceSettings.swift */; };
		79BDDFFBAAE362E7E39DAC8A /* WallpaperCard.swift in Sources */ = {isa = PBXBuildFile; fileRef = DEE79A9F7347C5201472A699 /* WallpaperCard.swift */; };
		7AED558C6AB2839BE23A1F2B /* BApp.swift in Sources */ = {isa = PBXBuildFile; fileRef = 104F7EE9EE6F91C459A8CC7C /* BApp.swift */; };
		829E3D243E7C0F7AD3EDCFE8 /* SettingsPage.swift in Sources */ = {isa = PBXBuildFile; fileRef = 2F051F6B723C8DC22255A384 /* SettingsPage.swift */; };
		92A3D8F325ED0F5B9007ABC3 /* everforest.jpg in Resources */ = {isa = PBXBuildFile; fileRef = E7511997BAA46E9D924A8619 /* everforest.jpg */; };
		9B8EEAEEF79093BC634B2F57 /* AppStoreTests.swift in Sources */ = {isa = PBXBuildFile; fileRef = 0E9C50A4E1B32D17C3B7D7EB /* AppStoreTests.swift */; };
		9D7653F138E03F29AA3979D0 /* akane-bridge.jpg in Resources */ = {isa = PBXBuildFile; fileRef = 12E6682BB366B124AFCEEB7E /* akane-bridge.jpg */; };
		9DCD4AFE722A23C760E3360B /* SidebarProjectItem.swift in Sources */ = {isa = PBXBuildFile; fileRef = BE438921AB918C1B441ADCF2 /* SidebarProjectItem.swift */; };
		A6AD3CFF254DF9C5FD6AEB06 /* WallpaperPreset.swift in Sources */ = {isa = PBXBuildFile; fileRef = 2274695175C0DE6DE69BAB30 /* WallpaperPreset.swift */; };
		B45E26D8D5C3A594A913DC78 /* gruvbox-ferns.jpg in Resources */ = {isa = PBXBuildFile; fileRef = C7B8EB254B92EC5772732E52 /* gruvbox-ferns.jpg */; };
		B515CCF60006105913EE07AC /* StartScreen.swift in Sources */ = {isa = PBXBuildFile; fileRef = 7FBECED94726237307F2628C /* StartScreen.swift */; };
		C169A4BB5694B36B944A1D68 /* Tab.swift in Sources */ = {isa = PBXBuildFile; fileRef = 912BF0925C71AED8B1C12E74 /* Tab.swift */; };
		C1FEB8B9037706A67ACA78DF /* TerminalView.swift in Sources */ = {isa = PBXBuildFile; fileRef = 728190F85A1AE0DB60BD39AB /* TerminalView.swift */; };
		C585FA8221E4884E04FABE09 /* StartScreenActionRow.swift in Sources */ = {isa = PBXBuildFile; fileRef = 50350C7F81ECA4D4A6D34A8A /* StartScreenActionRow.swift */; };
		C8513D99BA4720934D8B15BA /* CoreFoundation.framework in Frameworks */ = {isa = PBXBuildFile; fileRef = 4234ACA0B32348BB0F264CA9 /* CoreFoundation.framework */; };
		CC0823E8E40E82EC4A6D7199 /* TabBar.swift in Sources */ = {isa = PBXBuildFile; fileRef = DC454B9A44EB926A6C43A58B /* TabBar.swift */; };
		CEC516E6EED0DAFCDECC1AE9 /* ThemeManager.swift in Sources */ = {isa = PBXBuildFile; fileRef = 454E601831980C64BDA0BDD1 /* ThemeManager.swift */; };
		D1CF3AB56481E22FFD1F390F /* ProjectFavicon.swift in Sources */ = {isa = PBXBuildFile; fileRef = A8B93A6E2E9ED0C72D614E69 /* ProjectFavicon.swift */; };
		D2C75F05263636DD86332FCF /* Color+Hex.swift in Sources */ = {isa = PBXBuildFile; fileRef = D489A0D89375AE8ABDB0AC7B /* Color+Hex.swift */; };
		DA0E7977C4771E1E8E2AEEFC /* TerminalTheme.swift in Sources */ = {isa = PBXBuildFile; fileRef = F6E53B8CED8557F923515E7F /* TerminalTheme.swift */; };
		DA7A141D6EEC41ED5B03E7BB /* StartScreenProjectPicker.swift in Sources */ = {isa = PBXBuildFile; fileRef = 7B24EB0AEA9E3EBBA512711C /* StartScreenProjectPicker.swift */; };
		E2C7CF53477F3E8E337009BE /* WindowDragRegion.swift in Sources */ = {isa = PBXBuildFile; fileRef = 20C1BBFABD047814FC91A331 /* WindowDragRegion.swift */; };
		E450C1435DC3BD45011D4969 /* ship-at-sea.jpg in Resources */ = {isa = PBXBuildFile; fileRef = 4D827DCB9D74780EBED3851F /* ship-at-sea.jpg */; };
		E4F404DBECE0715B2B0A1FF8 /* opencode-icon.svg in Resources */ = {isa = PBXBuildFile; fileRef = 9171B8B51379166A5ACB405E /* opencode-icon.svg */; };
		E767E51D6BDE0737F2665C24 /* GhosttyKit.xcframework in Frameworks */ = {isa = PBXBuildFile; fileRef = 6618A8E5B5F25A3A6EE1E389 /* GhosttyKit.xcframework */; };
		E9EB070FE40F8B8A43A5F6A6 /* Themes in Resources */ = {isa = PBXBuildFile; fileRef = 1EDE19D0FBE88E948C87BF23 /* Themes */; };
		EC0AF83FC7C2722793015744 /* Project.swift in Sources */ = {isa = PBXBuildFile; fileRef = 55ED9F4FAD326C2510EE7917 /* Project.swift */; };
		FCEF539DCEAA441195942DEF /* SurfaceManager.swift in Sources */ = {isa = PBXBuildFile; fileRef = 34A3DE79377AAA27E649D315 /* SurfaceManager.swift */; };
		FFE6F430E417FF7DF298E9DE /* CoreGraphics.framework in Frameworks */ = {isa = PBXBuildFile; fileRef = 0728E5270FEDF0231EC92CC4 /* CoreGraphics.framework */; };
/* End PBXBuildFile section */

/* Begin PBXContainerItemProxy section */
		39D095FEACAB5D49F348D483 /* PBXContainerItemProxy */ = {
			isa = PBXContainerItemProxy;
			containerPortal = 5F716E18902DA7ABF2287DDD /* Project object */;
			proxyType = 1;
			remoteGlobalIDString = 4F7B28CBF14815045A9B7C0C;
			remoteInfo = Blink;
		};
/* End PBXContainerItemProxy section */

/* Begin PBXFileReference section */
		0728E5270FEDF0231EC92CC4 /* CoreGraphics.framework */ = {isa = PBXFileReference; lastKnownFileType = wrapper.framework; name = CoreGraphics.framework; path = System/Library/Frameworks/CoreGraphics.framework; sourceTree = SDKROOT; };
		09D47A5C0A44933E63A3104C /* Constants.swift */ = {isa = PBXFileReference; lastKnownFileType = sourcecode.swift; path = Constants.swift; sourceTree = "<group>"; };
		0B6278A6AA05171F5ECDEC11 /* GitStatus.swift */ = {isa = PBXFileReference; lastKnownFileType = sourcecode.swift; path = GitStatus.swift; sourceTree = "<group>"; };
		0E9C50A4E1B32D17C3B7D7EB /* AppStoreTests.swift */ = {isa = PBXFileReference; lastKnownFileType = sourcecode.swift; path = AppStoreTests.swift; sourceTree = "<group>"; };
		104F7EE9EE6F91C459A8CC7C /* BApp.swift */ = {isa = PBXFileReference; lastKnownFileType = sourcecode.swift; path = BApp.swift; sourceTree = "<group>"; };
		12E6682BB366B124AFCEEB7E /* akane-bridge.jpg */ = {isa = PBXFileReference; lastKnownFileType = image.jpeg; path = "akane-bridge.jpg"; sourceTree = "<group>"; };
		1448D063BC06561A433B9DEC /* AppStore.swift */ = {isa = PBXFileReference; lastKnownFileType = sourcecode.swift; path = AppStore.swift; sourceTree = "<group>"; };
		147CFD69423EDD7D1BD29C52 /* akane-pagoda.jpg */ = {isa = PBXFileReference; lastKnownFileType = image.jpeg; path = "akane-pagoda.jpg"; sourceTree = "<group>"; };
		15A6DD71E5B2AA71E2603D80 /* QuartzCore.framework */ = {isa = PBXFileReference; lastKnownFileType = wrapper.framework; name = QuartzCore.framework; path = System/Library/Frameworks/QuartzCore.framework; sourceTree = SDKROOT; };
		1DF59E878E1CA4A8B6DD5242 /* CoreVideo.framework */ = {isa = PBXFileReference; lastKnownFileType = wrapper.framework; name = CoreVideo.framework; path = System/Library/Frameworks/CoreVideo.framework; sourceTree = SDKROOT; };
		1EDE19D0FBE88E948C87BF23 /* Themes */ = {isa = PBXFileReference; lastKnownFileType = folder; name = Themes; path = Blink/Resources/Themes; sourceTree = SOURCE_ROOT; };
		20C1BBFABD047814FC91A331 /* WindowDragRegion.swift */ = {isa = PBXFileReference; lastKnownFileType = sourcecode.swift; path = WindowDragRegion.swift; sourceTree = "<group>"; };
		2274695175C0DE6DE69BAB30 /* WallpaperPreset.swift */ = {isa = PBXFileReference; lastKnownFileType = sourcecode.swift; path = WallpaperPreset.swift; sourceTree = "<group>"; };
		24588121A0A9DB5D03163B12 /* codex-icon.svg */ = {isa = PBXFileReference; path = "codex-icon.svg"; sourceTree = "<group>"; };
		25AC6ABC78C8E62D696CABA8 /* PointerCursor.swift */ = {isa = PBXFileReference; lastKnownFileType = sourcecode.swift; path = PointerCursor.swift; sourceTree = "<group>"; };
		2918567AE906E413040E51F2 /* Shell.swift */ = {isa = PBXFileReference; lastKnownFileType = sourcecode.swift; path = Shell.swift; sourceTree = "<group>"; };
		2D522965A18450240E8B1B57 /* CoreText.framework */ = {isa = PBXFileReference; lastKnownFileType = wrapper.framework; name = CoreText.framework; path = System/Library/Frameworks/CoreText.framework; sourceTree = SDKROOT; };
		2F051F6B723C8DC22255A384 /* SettingsPage.swift */ = {isa = PBXFileReference; lastKnownFileType = sourcecode.swift; path = SettingsPage.swift; sourceTree = "<group>"; };
		34A3DE79377AAA27E649D315 /* SurfaceManager.swift */ = {isa = PBXFileReference; lastKnownFileType = sourcecode.swift; path = SurfaceManager.swift; sourceTree = "<group>"; };
		36A28D3024E66E791B9C5C7B /* claude-icon.svg */ = {isa = PBXFileReference; path = "claude-icon.svg"; sourceTree = "<group>"; };
		4234ACA0B32348BB0F264CA9 /* CoreFoundation.framework */ = {isa = PBXFileReference; lastKnownFileType = wrapper.framework; name = CoreFoundation.framework; path = System/Library/Frameworks/CoreFoundation.framework; sourceTree = SDKROOT; };
		454E601831980C64BDA0BDD1 /* ThemeManager.swift */ = {isa = PBXFileReference; lastKnownFileType = sourcecode.swift; path = ThemeManager.swift; sourceTree = "<group>"; };
		47B2C73311A57D7F5BD1F356 /* akane-cliff.jpg */ = {isa = PBXFileReference; lastKnownFileType = image.jpeg; path = "akane-cliff.jpg"; sourceTree = "<group>"; };
		48431B2C296BDB92BF0BB93C /* Blink.app */ = {isa = PBXFileReference; explicitFileType = wrapper.application; includeInIndex = 0; path = Blink.app; sourceTree = BUILT_PRODUCTS_DIR; };
		495E310460549B685EDCF6C4 /* StatusLine.swift */ = {isa = PBXFileReference; lastKnownFileType = sourcecode.swift; path = StatusLine.swift; sourceTree = "<group>"; };
		4BF5F1BD395AB638696B46E9 /* Assets.xcassets */ = {isa = PBXFileReference; lastKnownFileType = folder.assetcatalog; path = Assets.xcassets; sourceTree = "<group>"; };
		4D827DCB9D74780EBED3851F /* ship-at-sea.jpg */ = {isa = PBXFileReference; lastKnownFileType = image.jpeg; path = "ship-at-sea.jpg"; sourceTree = "<group>"; };
		50350C7F81ECA4D4A6D34A8A /* StartScreenActionRow.swift */ = {isa = PBXFileReference; lastKnownFileType = sourcecode.swift; path = StartScreenActionRow.swift; sourceTree = "<group>"; };
		55ED9F4FAD326C2510EE7917 /* Project.swift */ = {isa = PBXFileReference; lastKnownFileType = sourcecode.swift; path = Project.swift; sourceTree = "<group>"; };
		6228A41D72F4FE2C8C9DCD4A /* ThemePicker.swift */ = {isa = PBXFileReference; lastKnownFileType = sourcecode.swift; path = ThemePicker.swift; sourceTree = "<group>"; };
		63FA12A39D076503DB57B005 /* TabTitleFilter.swift */ = {isa = PBXFileReference; lastKnownFileType = sourcecode.swift; path = TabTitleFilter.swift; sourceTree = "<group>"; };
		6618A8E5B5F25A3A6EE1E389 /* GhosttyKit.xcframework */ = {isa = PBXFileReference; lastKnownFileType = wrapper.xcframework; name = GhosttyKit.xcframework; path = Frameworks/GhosttyKit.xcframework; sourceTree = "<group>"; };
		67F1A584AD3B660EC20B6A81 /* BTests.xctest */ = {isa = PBXFileReference; explicitFileType = wrapper.cfbundle; includeInIndex = 0; path = BTests.xctest; sourceTree = BUILT_PRODUCTS_DIR; };
		6DC1AE3F0FF45D5DE4839EF9 /* pink-lakeside.png */ = {isa = PBXFileReference; lastKnownFileType = image.png; path = "pink-lakeside.png"; sourceTree = "<group>"; };
		728190F85A1AE0DB60BD39AB /* TerminalView.swift */ = {isa = PBXFileReference; lastKnownFileType = sourcecode.swift; path = TerminalView.swift; sourceTree = "<group>"; };
		733316E4538EF5998654016C /* Carbon.framework */ = {isa = PBXFileReference; lastKnownFileType = wrapper.framework; name = Carbon.framework; path = System/Library/Frameworks/Carbon.framework; sourceTree = SDKROOT; };
		762E93713BEF3B6BAE6DB7CC /* Theme.swift */ = {isa = PBXFileReference; lastKnownFileType = sourcecode.swift; path = Theme.swift; sourceTree = "<group>"; };
		7784244D94B53A844D2AE256 /* BackgroundPopover.swift */ = {isa = PBXFileReference; lastKnownFileType = sourcecode.swift; path = BackgroundPopover.swift; sourceTree = "<group>"; };
		7A659FDC5978B7FCC0C2D488 /* ColorHexTests.swift */ = {isa = PBXFileReference; lastKnownFileType = sourcecode.swift; path = ColorHexTests.swift; sourceTree = "<group>"; };
		7B24EB0AEA9E3EBBA512711C /* StartScreenProjectPicker.swift */ = {isa = PBXFileReference; lastKnownFileType = sourcecode.swift; path = StartScreenProjectPicker.swift; sourceTree = "<group>"; };
		7D35AA117D351B3848D14D65 /* WindowTitleBarConfigurator.swift */ = {isa = PBXFileReference; lastKnownFileType = sourcecode.swift; path = WindowTitleBarConfigurator.swift; sourceTree = "<group>"; };
		7FBECED94726237307F2628C /* StartScreen.swift */ = {isa = PBXFileReference; lastKnownFileType = sourcecode.swift; path = StartScreen.swift; sourceTree = "<group>"; };
		8A76CDD8E5246080B8C0CAFE /* Sidebar.swift */ = {isa = PBXFileReference; lastKnownFileType = sourcecode.swift; path = Sidebar.swift; sourceTree = "<group>"; };
		8C747FAD7B2FD821BC48474F /* Metal.framework */ = {isa = PBXFileReference; lastKnownFileType = wrapper.framework; name = Metal.framework; path = System/Library/Frameworks/Metal.framework; sourceTree = SDKROOT; };
		912BF0925C71AED8B1C12E74 /* Tab.swift */ = {isa = PBXFileReference; lastKnownFileType = sourcecode.swift; path = Tab.swift; sourceTree = "<group>"; };
		9171B8B51379166A5ACB405E /* opencode-icon.svg */ = {isa = PBXFileReference; path = "opencode-icon.svg"; sourceTree = "<group>"; };
		A3C239E14E3DA5622953B833 /* StartScreenLogo.swift */ = {isa = PBXFileReference; lastKnownFileType = sourcecode.swift; path = StartScreenLogo.swift; sourceTree = "<group>"; };
		A8B93A6E2E9ED0C72D614E69 /* ProjectFavicon.swift */ = {isa = PBXFileReference; lastKnownFileType = sourcecode.swift; path = ProjectFavicon.swift; sourceTree = "<group>"; };
		B1A9F0622A8AC85FCF1C0948 /* TerminalSurfaceView.swift */ = {isa = PBXFileReference; lastKnownFileType = sourcecode.swift; path = TerminalSurfaceView.swift; sourceTree = "<group>"; };
		B345D8C75FEDF50AD746BBAE /* IOSurface.framework */ = {isa = PBXFileReference; lastKnownFileType = wrapper.framework; name = IOSurface.framework; path = System/Library/Frameworks/IOSurface.framework; sourceTree = SDKROOT; };
		BE438921AB918C1B441ADCF2 /* SidebarProjectItem.swift */ = {isa = PBXFileReference; lastKnownFileType = sourcecode.swift; path = SidebarProjectItem.swift; sourceTree = "<group>"; };
		C7B8EB254B92EC5772732E52 /* gruvbox-ferns.jpg */ = {isa = PBXFileReference; lastKnownFileType = image.jpeg; path = "gruvbox-ferns.jpg"; sourceTree = "<group>"; };
		D489A0D89375AE8ABDB0AC7B /* Color+Hex.swift */ = {isa = PBXFileReference; lastKnownFileType = sourcecode.swift; path = "Color+Hex.swift"; sourceTree = "<group>"; };
		DC454B9A44EB926A6C43A58B /* TabBar.swift */ = {isa = PBXFileReference; lastKnownFileType = sourcecode.swift; path = TabBar.swift; sourceTree = "<group>"; };
		DEE79A9F7347C5201472A699 /* WallpaperCard.swift */ = {isa = PBXFileReference; lastKnownFileType = sourcecode.swift; path = WallpaperCard.swift; sourceTree = "<group>"; };
		E7511997BAA46E9D924A8619 /* everforest.jpg */ = {isa = PBXFileReference; lastKnownFileType = image.jpeg; path = everforest.jpg; sourceTree = "<group>"; };
		F6608D4939643268CCB44FA8 /* AppearanceSettings.swift */ = {isa = PBXFileReference; lastKnownFileType = sourcecode.swift; path = AppearanceSettings.swift; sourceTree = "<group>"; };
		F6E53B8CED8557F923515E7F /* TerminalTheme.swift */ = {isa = PBXFileReference; lastKnownFileType = sourcecode.swift; path = TerminalTheme.swift; sourceTree = "<group>"; };
		F7A27927A4E6F40E0D7B67BD /* GhosttyApp.swift */ = {isa = PBXFileReference; lastKnownFileType = sourcecode.swift; path = GhosttyApp.swift; sourceTree = "<group>"; };
		F9A82625A455F5E823649549 /* akane-mist.jpg */ = {isa = PBXFileReference; lastKnownFileType = image.jpeg; path = "akane-mist.jpg"; sourceTree = "<group>"; };
/* End PBXFileReference section */

/* Begin PBXFrameworksBuildPhase section */
		902983FE17424CC10818E8EA /* Frameworks */ = {
			isa = PBXFrameworksBuildPhase;
			buildActionMask = 2147483647;
			files = (
				E767E51D6BDE0737F2665C24 /* GhosttyKit.xcframework in Frameworks */,
				282F00EE6FB8510C403EC953 /* Metal.framework in Frameworks */,
				C8513D99BA4720934D8B15BA /* CoreFoundation.framework in Frameworks */,
				FFE6F430E417FF7DF298E9DE /* CoreGraphics.framework in Frameworks */,
				0D0CF9645DB57CFE7E2A99CC /* CoreText.framework in Frameworks */,
				38A0767D5442E9D336859FEC /* CoreVideo.framework in Frameworks */,
				4C153E196C842764C6E58F0D /* QuartzCore.framework in Frameworks */,
				3B2C02C5617FEA03A4BE956A /* IOSurface.framework in Frameworks */,
				0EDDE37BF54C746A6850E4BD /* Carbon.framework in Frameworks */,
			);
			runOnlyForDeploymentPostprocessing = 0;
		};
/* End PBXFrameworksBuildPhase section */

/* Begin PBXGroup section */
		06D0136AFCDEFBC5DB3B80D5 /* Store */ = {
			isa = PBXGroup;
			children = (
				1448D063BC06561A433B9DEC /* AppStore.swift */,
				0B6278A6AA05171F5ECDEC11 /* GitStatus.swift */,
			);
			path = Store;
			sourceTree = "<group>";
		};
		0BB0C5A2989EBC8CD1DD30CF /* Frameworks */ = {
			isa = PBXGroup;
			children = (
				733316E4538EF5998654016C /* Carbon.framework */,
				4234ACA0B32348BB0F264CA9 /* CoreFoundation.framework */,
				0728E5270FEDF0231EC92CC4 /* CoreGraphics.framework */,
				2D522965A18450240E8B1B57 /* CoreText.framework */,
				1DF59E878E1CA4A8B6DD5242 /* CoreVideo.framework */,
				6618A8E5B5F25A3A6EE1E389 /* GhosttyKit.xcframework */,
				B345D8C75FEDF50AD746BBAE /* IOSurface.framework */,
				8C747FAD7B2FD821BC48474F /* Metal.framework */,
				15A6DD71E5B2AA71E2603D80 /* QuartzCore.framework */,
			);
			name = Frameworks;
			sourceTree = "<group>";
		};
		3B91DA57998D47F4B2D99296 /* Utilities */ = {
			isa = PBXGroup;
			children = (
				7784244D94B53A844D2AE256 /* BackgroundPopover.swift */,
				09D47A5C0A44933E63A3104C /* Constants.swift */,
				25AC6ABC78C8E62D696CABA8 /* PointerCursor.swift */,
				20C1BBFABD047814FC91A331 /* WindowDragRegion.swift */,
				7D35AA117D351B3848D14D65 /* WindowTitleBarConfigurator.swift */,
			);
			path = Utilities;
			sourceTree = "<group>";
		};
		5285084206D48BF84E4F553E /* BTests */ = {
			isa = PBXGroup;
			children = (
				0E9C50A4E1B32D17C3B7D7EB /* AppStoreTests.swift */,
				7A659FDC5978B7FCC0C2D488 /* ColorHexTests.swift */,
			);
			path = BTests;
			sourceTree = "<group>";
		};
		6B4DFF2978746EEAAA0E3700 /* Resources */ = {
			isa = PBXGroup;
			children = (
				36A28D3024E66E791B9C5C7B /* claude-icon.svg */,
				24588121A0A9DB5D03163B12 /* codex-icon.svg */,
				9171B8B51379166A5ACB405E /* opencode-icon.svg */,
				D7424EF33D43F3F399A45970 /* Wallpapers */,
			);
			path = Resources;
			sourceTree = "<group>";
		};
		73D24F7B2165BC5E03F1C38C /* Theme */ = {
			isa = PBXGroup;
			children = (
				D489A0D89375AE8ABDB0AC7B /* Color+Hex.swift */,
				762E93713BEF3B6BAE6DB7CC /* Theme.swift */,
				454E601831980C64BDA0BDD1 /* ThemeManager.swift */,
			);
			path = Theme;
			sourceTree = "<group>";
		};
		A668A2BE284733E6CF606FC7 /* Blink */ = {
			isa = PBXGroup;
			children = (
				4BF5F1BD395AB638696B46E9 /* Assets.xcassets */,
				104F7EE9EE6F91C459A8CC7C /* BApp.swift */,
				C9D3CC1439A512CB2F2EFA74 /* Models */,
				6B4DFF2978746EEAAA0E3700 /* Resources */,
				06D0136AFCDEFBC5DB3B80D5 /* Store */,
				B3B26216561246D80633114D /* Terminal */,
				73D24F7B2165BC5E03F1C38C /* Theme */,
				3B91DA57998D47F4B2D99296 /* Utilities */,
				E60DBAEDB631B2250ACE8672 /* Views */,
			);
			path = Blink;
			sourceTree = "<group>";
		};
		B23DD3B5EFB562B7C2FAEE85 = {
			isa = PBXGroup;
			children = (
				1EDE19D0FBE88E948C87BF23 /* Themes */,
				A668A2BE284733E6CF606FC7 /* Blink */,
				5285084206D48BF84E4F553E /* BTests */,
				0BB0C5A2989EBC8CD1DD30CF /* Frameworks */,
				E370FA75E2B9CA960A6CB41D /* Products */,
			);
			sourceTree = "<group>";
		};
		B3B26216561246D80633114D /* Terminal */ = {
			isa = PBXGroup;
			children = (
				F7A27927A4E6F40E0D7B67BD /* GhosttyApp.swift */,
				34A3DE79377AAA27E649D315 /* SurfaceManager.swift */,
				63FA12A39D076503DB57B005 /* TabTitleFilter.swift */,
				B1A9F0622A8AC85FCF1C0948 /* TerminalSurfaceView.swift */,
				F6E53B8CED8557F923515E7F /* TerminalTheme.swift */,
				728190F85A1AE0DB60BD39AB /* TerminalView.swift */,
			);
			path = Terminal;
			sourceTree = "<group>";
		};
		C9D3CC1439A512CB2F2EFA74 /* Models */ = {
			isa = PBXGroup;
			children = (
				55ED9F4FAD326C2510EE7917 /* Project.swift */,
				912BF0925C71AED8B1C12E74 /* Tab.swift */,
				2274695175C0DE6DE69BAB30 /* WallpaperPreset.swift */,
			);
			path = Models;
			sourceTree = "<group>";
		};
		D7424EF33D43F3F399A45970 /* Wallpapers */ = {
			isa = PBXGroup;
			children = (
				12E6682BB366B124AFCEEB7E /* akane-bridge.jpg */,
				47B2C73311A57D7F5BD1F356 /* akane-cliff.jpg */,
				F9A82625A455F5E823649549 /* akane-mist.jpg */,
				147CFD69423EDD7D1BD29C52 /* akane-pagoda.jpg */,
				E7511997BAA46E9D924A8619 /* everforest.jpg */,
				C7B8EB254B92EC5772732E52 /* gruvbox-ferns.jpg */,
				6DC1AE3F0FF45D5DE4839EF9 /* pink-lakeside.png */,
				4D827DCB9D74780EBED3851F /* ship-at-sea.jpg */,
			);
			path = Wallpapers;
			sourceTree = "<group>";
		};
		E370FA75E2B9CA960A6CB41D /* Products */ = {
			isa = PBXGroup;
			children = (
				48431B2C296BDB92BF0BB93C /* Blink.app */,
				67F1A584AD3B660EC20B6A81 /* BTests.xctest */,
			);
			name = Products;
			sourceTree = "<group>";
		};
		E60DBAEDB631B2250ACE8672 /* Views */ = {
			isa = PBXGroup;
			children = (
				A8B93A6E2E9ED0C72D614E69 /* ProjectFavicon.swift */,
				2F051F6B723C8DC22255A384 /* SettingsPage.swift */,
				2918567AE906E413040E51F2 /* Shell.swift */,
				8A76CDD8E5246080B8C0CAFE /* Sidebar.swift */,
				BE438921AB918C1B441ADCF2 /* SidebarProjectItem.swift */,
				7FBECED94726237307F2628C /* StartScreen.swift */,
				50350C7F81ECA4D4A6D34A8A /* StartScreenActionRow.swift */,
				A3C239E14E3DA5622953B833 /* StartScreenLogo.swift */,
				7B24EB0AEA9E3EBBA512711C /* StartScreenProjectPicker.swift */,
				495E310460549B685EDCF6C4 /* StatusLine.swift */,
				DC454B9A44EB926A6C43A58B /* TabBar.swift */,
				6228A41D72F4FE2C8C9DCD4A /* ThemePicker.swift */,
				F9FC872F5D91B5C423DD46FB /* Settings */,
			);
			path = Views;
			sourceTree = "<group>";
		};
		F9FC872F5D91B5C423DD46FB /* Settings */ = {
			isa = PBXGroup;
			children = (
				F6608D4939643268CCB44FA8 /* AppearanceSettings.swift */,
				DEE79A9F7347C5201472A699 /* WallpaperCard.swift */,
			);
			path = Settings;
			sourceTree = "<group>";
		};
/* End PBXGroup section */

/* Begin PBXNativeTarget section */
		4F7B28CBF14815045A9B7C0C /* Blink */ = {
			isa = PBXNativeTarget;
			buildConfigurationList = 9CDF5C024DE739BC28A35BFC /* Build configuration list for PBXNativeTarget "Blink" */;
			buildPhases = (
				220E4869925F21CE047FE660 /* Sources */,
				07E93D54A8EE5A9D8BE83B8D /* Resources */,
				902983FE17424CC10818E8EA /* Frameworks */,
			);
			buildRules = (
			);
			dependencies = (
			);
			name = Blink;
			packageProductDependencies = (
			);
			productName = Blink;
			productReference = 48431B2C296BDB92BF0BB93C /* Blink.app */;
			productType = "com.apple.product-type.application";
		};
		F50D7A21C6423D2B65F0476C /* BTests */ = {
			isa = PBXNativeTarget;
			buildConfigurationList = D694B3EEB4914C59BB8C546A /* Build configuration list for PBXNativeTarget "BTests" */;
			buildPhases = (
				FA584FD69819E0E1D800AEC8 /* Sources */,
			);
			buildRules = (
			);
			dependencies = (
				38E2DFA8CC058CD284843B19 /* PBXTargetDependency */,
			);
			name = BTests;
			packageProductDependencies = (
			);
			productName = BTests;
			productReference = 67F1A584AD3B660EC20B6A81 /* BTests.xctest */;
			productType = "com.apple.product-type.bundle.unit-test";
		};
/* End PBXNativeTarget section */

/* Begin PBXProject section */
		5F716E18902DA7ABF2287DDD /* Project object */ = {
			isa = PBXProject;
			attributes = {
				BuildIndependentTargetsInParallel = YES;
				LastUpgradeCheck = 1430;
				TargetAttributes = {
				};
			};
			buildConfigurationList = 114EF5ED8BC9EE1BB0FAB30B /* Build configuration list for PBXProject "Blink" */;
			developmentRegion = en;
			hasScannedForEncodings = 0;
			knownRegions = (
				Base,
				en,
			);
			mainGroup = B23DD3B5EFB562B7C2FAEE85;
			minimizedProjectReferenceProxies = 1;
			preferredProjectObjectVersion = 77;
			productRefGroup = E370FA75E2B9CA960A6CB41D /* Products */;
			projectDirPath = "";
			projectRoot = "";
			targets = (
				F50D7A21C6423D2B65F0476C /* BTests */,
				4F7B28CBF14815045A9B7C0C /* Blink */,
			);
		};
/* End PBXProject section */

/* Begin PBXResourcesBuildPhase section */
		07E93D54A8EE5A9D8BE83B8D /* Resources */ = {
			isa = PBXResourcesBuildPhase;
			buildActionMask = 2147483647;
			files = (
				35EA33C9B1B23682BB31DCED /* Assets.xcassets in Resources */,
				E9EB070FE40F8B8A43A5F6A6 /* Themes in Resources */,
				9D7653F138E03F29AA3979D0 /* akane-bridge.jpg in Resources */,
				3896092C306A1F2211524895 /* akane-cliff.jpg in Resources */,
				72715E9F6026FC71B127E9C8 /* akane-mist.jpg in Resources */,
				672462DEE17013E27F473A1D /* akane-pagoda.jpg in Resources */,
				746A4B976AF287EEEC32E397 /* claude-icon.svg in Resources */,
				229424BAFD9587AB72CAFF66 /* codex-icon.svg in Resources */,
				92A3D8F325ED0F5B9007ABC3 /* everforest.jpg in Resources */,
				B45E26D8D5C3A594A913DC78 /* gruvbox-ferns.jpg in Resources */,
				E4F404DBECE0715B2B0A1FF8 /* opencode-icon.svg in Resources */,
				324134D47FCF4719C7416A98 /* pink-lakeside.png in Resources */,
				E450C1435DC3BD45011D4969 /* ship-at-sea.jpg in Resources */,
			);
			runOnlyForDeploymentPostprocessing = 0;
		};
/* End PBXResourcesBuildPhase section */

/* Begin PBXSourcesBuildPhase section */
		220E4869925F21CE047FE660 /* Sources */ = {
			isa = PBXSourcesBuildPhase;
			buildActionMask = 2147483647;
			files = (
				4777F018CFB5F1153CB0AD43 /* AppStore.swift in Sources */,
				747FC6F8B8102FD0CF1FA1BC /* AppearanceSettings.swift in Sources */,
				7AED558C6AB2839BE23A1F2B /* BApp.swift in Sources */,
				5AAD90705C028B4E0691E66B /* BackgroundPopover.swift in Sources */,
				D2C75F05263636DD86332FCF /* Color+Hex.swift in Sources */,
				6974DCAA3C7954B535ECAF33 /* Constants.swift in Sources */,
				30803CC48C90EFDF88A7C8D2 /* GhosttyApp.swift in Sources */,
				284AC534C6E9F0B755C4AC34 /* GitStatus.swift in Sources */,
				0F3A10C7D5A60BD7027F378D /* PointerCursor.swift in Sources */,
				EC0AF83FC7C2722793015744 /* Project.swift in Sources */,
				D1CF3AB56481E22FFD1F390F /* ProjectFavicon.swift in Sources */,
				829E3D243E7C0F7AD3EDCFE8 /* SettingsPage.swift in Sources */,
				41326086246AF35521615246 /* Shell.swift in Sources */,
				3E5F7D0E5278F9C5CB8CD95D /* Sidebar.swift in Sources */,
				9DCD4AFE722A23C760E3360B /* SidebarProjectItem.swift in Sources */,
				B515CCF60006105913EE07AC /* StartScreen.swift in Sources */,
				C585FA8221E4884E04FABE09 /* StartScreenActionRow.swift in Sources */,
				0973322112C267606F0D23CC /* StartScreenLogo.swift in Sources */,
				DA7A141D6EEC41ED5B03E7BB /* StartScreenProjectPicker.swift in Sources */,
				2DCA080F86B7E5A194C8F14A /* StatusLine.swift in Sources */,
				FCEF539DCEAA441195942DEF /* SurfaceManager.swift in Sources */,
				C169A4BB5694B36B944A1D68 /* Tab.swift in Sources */,
				CC0823E8E40E82EC4A6D7199 /* TabBar.swift in Sources */,
				3A8220686C7D69ECA5082A3E /* TabTitleFilter.swift in Sources */,
				4D9587506D4B00FC3A51C90E /* TerminalSurfaceView.swift in Sources */,
				DA0E7977C4771E1E8E2AEEFC /* TerminalTheme.swift in Sources */,
				C1FEB8B9037706A67ACA78DF /* TerminalView.swift in Sources */,
				2479CF78716744EBA0FC8244 /* Theme.swift in Sources */,
				CEC516E6EED0DAFCDECC1AE9 /* ThemeManager.swift in Sources */,
				19F2F8B9416F42F451D3A428 /* ThemePicker.swift in Sources */,
				79BDDFFBAAE362E7E39DAC8A /* WallpaperCard.swift in Sources */,
				A6AD3CFF254DF9C5FD6AEB06 /* WallpaperPreset.swift in Sources */,
				E2C7CF53477F3E8E337009BE /* WindowDragRegion.swift in Sources */,
				495E9FB920EF6C6537659923 /* WindowTitleBarConfigurator.swift in Sources */,
			);
			runOnlyForDeploymentPostprocessing = 0;
		};
		FA584FD69819E0E1D800AEC8 /* Sources */ = {
			isa = PBXSourcesBuildPhase;
			buildActionMask = 2147483647;
			files = (
				9B8EEAEEF79093BC634B2F57 /* AppStoreTests.swift in Sources */,
				025CCB1ADFA5227D4D510540 /* ColorHexTests.swift in Sources */,
			);
			runOnlyForDeploymentPostprocessing = 0;
		};
/* End PBXSourcesBuildPhase section */

/* Begin PBXTargetDependency section */
		38E2DFA8CC058CD284843B19 /* PBXTargetDependency */ = {
			isa = PBXTargetDependency;
			target = 4F7B28CBF14815045A9B7C0C /* Blink */;
			targetProxy = 39D095FEACAB5D49F348D483 /* PBXContainerItemProxy */;
		};
/* End PBXTargetDependency section */

/* Begin XCBuildConfiguration section */
		01A119BFF1E989B0A233C246 /* Release */ = {
			isa = XCBuildConfiguration;
			buildSettings = {
				ALWAYS_SEARCH_USER_PATHS = NO;
				CLANG_ANALYZER_NONNULL = YES;
				CLANG_ANALYZER_NUMBER_OBJECT_CONVERSION = YES_AGGRESSIVE;
				CLANG_CXX_LANGUAGE_STANDARD = "gnu++14";
				CLANG_CXX_LIBRARY = "libc++";
				CLANG_ENABLE_MODULES = YES;
				CLANG_ENABLE_OBJC_ARC = YES;
				CLANG_ENABLE_OBJC_WEAK = YES;
				CLANG_WARN_BLOCK_CAPTURE_AUTORELEASING = YES;
				CLANG_WARN_BOOL_CONVERSION = YES;
				CLANG_WARN_COMMA = YES;
				CLANG_WARN_CONSTANT_CONVERSION = YES;
				CLANG_WARN_DEPRECATED_OBJC_IMPLEMENTATIONS = YES;
				CLANG_WARN_DIRECT_OBJC_ISA_USAGE = YES_ERROR;
				CLANG_WARN_DOCUMENTATION_COMMENTS = YES;
				CLANG_WARN_EMPTY_BODY = YES;
				CLANG_WARN_ENUM_CONVERSION = YES;
				CLANG_WARN_INFINITE_RECURSION = YES;
				CLANG_WARN_INT_CONVERSION = YES;
				CLANG_WARN_NON_LITERAL_NULL_CONVERSION = YES;
				CLANG_WARN_OBJC_IMPLICIT_RETAIN_SELF = YES;
				CLANG_WARN_OBJC_LITERAL_CONVERSION = YES;
				CLANG_WARN_OBJC_ROOT_CLASS = YES_ERROR;
				CLANG_WARN_QUOTED_INCLUDE_IN_FRAMEWORK_HEADER = YES;
				CLANG_WARN_RANGE_LOOP_ANALYSIS = YES;
				CLANG_WARN_STRICT_PROTOTYPES = YES;
				CLANG_WARN_SUSPICIOUS_MOVE = YES;
				CLANG_WARN_UNGUARDED_AVAILABILITY = YES_AGGRESSIVE;
				CLANG_WARN_UNREACHABLE_CODE = YES;
				CLANG_WARN__DUPLICATE_METHOD_MATCH = YES;
				COPY_PHASE_STRIP = NO;
				CURRENT_PROJECT_VERSION = 1;
				DEBUG_INFORMATION_FORMAT = "dwarf-with-dsym";
				ENABLE_NS_ASSERTIONS = NO;
				ENABLE_STRICT_OBJC_MSGSEND = YES;
				GCC_C_LANGUAGE_STANDARD = gnu11;
				GCC_NO_COMMON_BLOCKS = YES;
				GCC_WARN_64_TO_32_BIT_CONVERSION = YES;
				GCC_WARN_ABOUT_RETURN_TYPE = YES_ERROR;
				GCC_WARN_UNDECLARED_SELECTOR = YES;
				GCC_WARN_UNINITIALIZED_AUTOS = YES_AGGRESSIVE;
				GCC_WARN_UNUSED_FUNCTION = YES;
				GCC_WARN_UNUSED_VARIABLE = YES;
				INFOPLIST_KEY_LSApplicationCategoryType = "public.app-category.developer-tools";
				MACOSX_DEPLOYMENT_TARGET = 14.0;
				MARKETING_VERSION = 0.1.0;
				MTL_ENABLE_DEBUG_INFO = NO;
				MTL_FAST_MATH = YES;
				PRODUCT_NAME = "$(TARGET_NAME)";
				SDKROOT = macosx;
				SWIFT_COMPILATION_MODE = wholemodule;
				SWIFT_OPTIMIZATION_LEVEL = "-O";
				SWIFT_VERSION = 5.9;
			};
			name = Release;
		};
		933FD14D7847470F799A01E8 /* Debug */ = {
			isa = XCBuildConfiguration;
			buildSettings = {
				BUNDLE_LOADER = "$(TEST_HOST)";
				COMBINE_HIDPI_IMAGES = YES;
				GENERATE_INFOPLIST_FILE = YES;
				LD_RUNPATH_SEARCH_PATHS = (
					"$(inherited)",
					"@executable_path/../Frameworks",
					"@loader_path/../Frameworks",
				);
				PRODUCT_BUNDLE_IDENTIFIER = com.blink.app.tests;
				SDKROOT = macosx;
				TEST_HOST = "$(BUILT_PRODUCTS_DIR)/Blink.app/Contents/MacOS/Blink";
			};
			name = Debug;
		};
		ACFF4EBC46D010A5CFBCEBF5 /* Debug */ = {
			isa = XCBuildConfiguration;
			buildSettings = {
				ALWAYS_SEARCH_USER_PATHS = NO;
				CLANG_ANALYZER_NONNULL = YES;
				CLANG_ANALYZER_NUMBER_OBJECT_CONVERSION = YES_AGGRESSIVE;
				CLANG_CXX_LANGUAGE_STANDARD = "gnu++14";
				CLANG_CXX_LIBRARY = "libc++";
				CLANG_ENABLE_MODULES = YES;
				CLANG_ENABLE_OBJC_ARC = YES;
				CLANG_ENABLE_OBJC_WEAK = YES;
				CLANG_WARN_BLOCK_CAPTURE_AUTORELEASING = YES;
				CLANG_WARN_BOOL_CONVERSION = YES;
				CLANG_WARN_COMMA = YES;
				CLANG_WARN_CONSTANT_CONVERSION = YES;
				CLANG_WARN_DEPRECATED_OBJC_IMPLEMENTATIONS = YES;
				CLANG_WARN_DIRECT_OBJC_ISA_USAGE = YES_ERROR;
				CLANG_WARN_DOCUMENTATION_COMMENTS = YES;
				CLANG_WARN_EMPTY_BODY = YES;
				CLANG_WARN_ENUM_CONVERSION = YES;
				CLANG_WARN_INFINITE_RECURSION = YES;
				CLANG_WARN_INT_CONVERSION = YES;
				CLANG_WARN_NON_LITERAL_NULL_CONVERSION = YES;
				CLANG_WARN_OBJC_IMPLICIT_RETAIN_SELF = YES;
				CLANG_WARN_OBJC_LITERAL_CONVERSION = YES;
				CLANG_WARN_OBJC_ROOT_CLASS = YES_ERROR;
				CLANG_WARN_QUOTED_INCLUDE_IN_FRAMEWORK_HEADER = YES;
				CLANG_WARN_RANGE_LOOP_ANALYSIS = YES;
				CLANG_WARN_STRICT_PROTOTYPES = YES;
				CLANG_WARN_SUSPICIOUS_MOVE = YES;
				CLANG_WARN_UNGUARDED_AVAILABILITY = YES_AGGRESSIVE;
				CLANG_WARN_UNREACHABLE_CODE = YES;
				CLANG_WARN__DUPLICATE_METHOD_MATCH = YES;
				COPY_PHASE_STRIP = NO;
				CURRENT_PROJECT_VERSION = 1;
				DEBUG_INFORMATION_FORMAT = dwarf;
				ENABLE_STRICT_OBJC_MSGSEND = YES;
				ENABLE_TESTABILITY = YES;
				GCC_C_LANGUAGE_STANDARD = gnu11;
				GCC_DYNAMIC_NO_PIC = NO;
				GCC_NO_COMMON_BLOCKS = YES;
				GCC_OPTIMIZATION_LEVEL = 0;
				GCC_PREPROCESSOR_DEFINITIONS = (
					"$(inherited)",
					"DEBUG=1",
				);
				GCC_WARN_64_TO_32_BIT_CONVERSION = YES;
				GCC_WARN_ABOUT_RETURN_TYPE = YES_ERROR;
				GCC_WARN_UNDECLARED_SELECTOR = YES;
				GCC_WARN_UNINITIALIZED_AUTOS = YES_AGGRESSIVE;
				GCC_WARN_UNUSED_FUNCTION = YES;
				GCC_WARN_UNUSED_VARIABLE = YES;
				INFOPLIST_KEY_LSApplicationCategoryType = "public.app-category.developer-tools";
				MACOSX_DEPLOYMENT_TARGET = 14.0;
				MARKETING_VERSION = 0.1.0;
				MTL_ENABLE_DEBUG_INFO = INCLUDE_SOURCE;
				MTL_FAST_MATH = YES;
				ONLY_ACTIVE_ARCH = YES;
				PRODUCT_NAME = "$(TARGET_NAME)";
				SDKROOT = macosx;
				SWIFT_ACTIVE_COMPILATION_CONDITIONS = DEBUG;
				SWIFT_OPTIMIZATION_LEVEL = "-Onone";
				SWIFT_VERSION = 5.9;
			};
			name = Debug;
		};
		AEA610DE59472AAECC971BAC /* Debug */ = {
			isa = XCBuildConfiguration;
			buildSettings = {
				ASSETCATALOG_COMPILER_APPICON_NAME = AppIcon;
				COMBINE_HIDPI_IMAGES = YES;
				FRAMEWORK_SEARCH_PATHS = (
					"$(inherited)",
					"\"Frameworks\"",
				);
				GENERATE_INFOPLIST_FILE = YES;
				INFOPLIST_KEY_CFBundleDisplayName = Blink;
				LD_RUNPATH_SEARCH_PATHS = (
					"$(inherited)",
					"@executable_path/../Frameworks",
				);
				OTHER_LDFLAGS = (
					"-lstdc++",
				);
				PRODUCT_BUNDLE_IDENTIFIER = com.blink.app;
				PRODUCT_NAME = Blink;
				SDKROOT = macosx;
			};
			name = Debug;
		};
		ED3D1D5D28CA63AE18020875 /* Release */ = {
			isa = XCBuildConfiguration;
			buildSettings = {
				BUNDLE_LOADER = "$(TEST_HOST)";
				COMBINE_HIDPI_IMAGES = YES;
				GENERATE_INFOPLIST_FILE = YES;
				LD_RUNPATH_SEARCH_PATHS = (
					"$(inherited)",
					"@executable_path/../Frameworks",
					"@loader_path/../Frameworks",
				);
				PRODUCT_BUNDLE_IDENTIFIER = com.blink.app.tests;
				SDKROOT = macosx;
				TEST_HOST = "$(BUILT_PRODUCTS_DIR)/Blink.app/Contents/MacOS/Blink";
			};
			name = Release;
		};
		F31BE749247DCA686B22646D /* Release */ = {
			isa = XCBuildConfiguration;
			buildSettings = {
				ASSETCATALOG_COMPILER_APPICON_NAME = AppIcon;
				COMBINE_HIDPI_IMAGES = YES;
				FRAMEWORK_SEARCH_PATHS = (
					"$(inherited)",
					"\"Frameworks\"",
				);
				GENERATE_INFOPLIST_FILE = YES;
				INFOPLIST_KEY_CFBundleDisplayName = Blink;
				LD_RUNPATH_SEARCH_PATHS = (
					"$(inherited)",
					"@executable_path/../Frameworks",
				);
				OTHER_LDFLAGS = (
					"-lstdc++",
				);
				PRODUCT_BUNDLE_IDENTIFIER = com.blink.app;
				PRODUCT_NAME = Blink;
				SDKROOT = macosx;
			};
			name = Release;
		};
/* End XCBuildConfiguration section */

/* Begin XCConfigurationList section */
		114EF5ED8BC9EE1BB0FAB30B /* Build configuration list for PBXProject "Blink" */ = {
			isa = XCConfigurationList;
			buildConfigurations = (
				ACFF4EBC46D010A5CFBCEBF5 /* Debug */,
				01A119BFF1E989B0A233C246 /* Release */,
			);
			defaultConfigurationIsVisible = 0;
			defaultConfigurationName = Debug;
		};
		9CDF5C024DE739BC28A35BFC /* Build configuration list for PBXNativeTarget "Blink" */ = {
			isa = XCConfigurationList;
			buildConfigurations = (
				AEA610DE59472AAECC971BAC /* Debug */,
				F31BE749247DCA686B22646D /* Release */,
			);
			defaultConfigurationIsVisible = 0;
			defaultConfigurationName = Debug;
		};
		D694B3EEB4914C59BB8C546A /* Build configuration list for PBXNativeTarget "BTests" */ = {
			isa = XCConfigurationList;
			buildConfigurations = (
				933FD14D7847470F799A01E8 /* Debug */,
				ED3D1D5D28CA63AE18020875 /* Release */,
			);
			defaultConfigurationIsVisible = 0;
			defaultConfigurationName = Debug;
		};
/* End XCConfigurationList section */
	};
	rootObject = 5F716E18902DA7ABF2287DDD /* Project object */;
}
